// !$*UTF8*$!
{
	archiveVersion = 1;
	classes = {
	};
	objectVersion = 46;
	objects = {

/* Begin PBXBuildFile section */
		6B80BA3D1E3B25EA005C5E4A /* HBApi.swift in Sources */ = {isa = PBXBuildFile; fileRef = 6B80BA3C1E3B25EA005C5E4A /* HBApi.swift */; };
		6B80BA3F1E3B284F005C5E4A /* Post.swift in Sources */ = {isa = PBXBuildFile; fileRef = 6B80BA3E1E3B284F005C5E4A /* Post.swift */; };
		6B80BA431E3B314D005C5E4A /* AF+Date+Extension.swift in Sources */ = {isa = PBXBuildFile; fileRef = 6B80BA421E3B314D005C5E4A /* AF+Date+Extension.swift */; };
		6B8546B71DFA8FEE0017A948 /* AppDelegate.swift in Sources */ = {isa = PBXBuildFile; fileRef = 6B8546B61DFA8FEE0017A948 /* AppDelegate.swift */; };
		6B8546B91DFA8FEE0017A948 /* ViewController.swift in Sources */ = {isa = PBXBuildFile; fileRef = 6B8546B81DFA8FEE0017A948 /* ViewController.swift */; };
		6B8546BC1DFA8FEE0017A948 /* Main.storyboard in Resources */ = {isa = PBXBuildFile; fileRef = 6B8546BA1DFA8FEE0017A948 /* Main.storyboard */; };
		6B8546BE1DFA8FEE0017A948 /* Assets.xcassets in Resources */ = {isa = PBXBuildFile; fileRef = 6B8546BD1DFA8FEE0017A948 /* Assets.xcassets */; };
		6B8546C11DFA8FEE0017A948 /* LaunchScreen.storyboard in Resources */ = {isa = PBXBuildFile; fileRef = 6B8546BF1DFA8FEE0017A948 /* LaunchScreen.storyboard */; };
		6B8546CF1DFA927E0017A948 /* NotificationCenter.framework in Frameworks */ = {isa = PBXBuildFile; fileRef = 6B8546CE1DFA927E0017A948 /* NotificationCenter.framework */; };
		6B8546D21DFA927E0017A948 /* TodayViewController.swift in Sources */ = {isa = PBXBuildFile; fileRef = 6B8546D11DFA927E0017A948 /* TodayViewController.swift */; };
		6B8546D91DFA927E0017A948 /* HBWidget.appex in Embed App Extensions */ = {isa = PBXBuildFile; fileRef = 6B8546CC1DFA927D0017A948 /* HBWidget.appex */; settings = {ATTRIBUTES = (RemoveHeadersOnCopy, ); }; };
		6B8546E11DFA95680017A948 /* HBChannel.swift in Sources */ = {isa = PBXBuildFile; fileRef = 6B8546E01DFA95680017A948 /* HBChannel.swift */; };
		6BDB80D91E3AE22400CE59AF /* HBNewsWidgetCell.swift in Sources */ = {isa = PBXBuildFile; fileRef = 6BDB80D71E3AE22300CE59AF /* HBNewsWidgetCell.swift */; };
		6BDB80DA1E3AE22400CE59AF /* HBNewsWidgetCell.xib in Resources */ = {isa = PBXBuildFile; fileRef = 6BDB80D81E3AE22300CE59AF /* HBNewsWidgetCell.xib */; };
		6BDB80DC1E3AF11B00CE59AF /* Media.xcassets in Resources */ = {isa = PBXBuildFile; fileRef = 6BDB80DB1E3AF11B00CE59AF /* Media.xcassets */; };
		6BDB80DE1E3B216800CE59AF /* Podfile in Resources */ = {isa = PBXBuildFile; fileRef = 6BDB80DD1E3B216800CE59AF /* Podfile */; };
		6BFC52751E4057AE00B3885A /* MainInterface.storyboard in Resources */ = {isa = PBXBuildFile; fileRef = 6B8546D31DFA927E0017A948 /* MainInterface.storyboard */; };
		6BFDD0491E40590700CDB0C1 /* AF+Date+Extension.swift in Sources */ = {isa = PBXBuildFile; fileRef = 6BFDD0431E40590700CDB0C1 /* AF+Date+Extension.swift */; };
		6BFDD04A1E40590700CDB0C1 /* HBApi.swift in Sources */ = {isa = PBXBuildFile; fileRef = 6BFDD0441E40590700CDB0C1 /* HBApi.swift */; };
		6BFDD04B1E40590700CDB0C1 /* HBChannel.swift in Sources */ = {isa = PBXBuildFile; fileRef = 6BFDD0451E40590700CDB0C1 /* HBChannel.swift */; };
		6BFDD04C1E40590700CDB0C1 /* HBNewsWidgetCell.swift in Sources */ = {isa = PBXBuildFile; fileRef = 6BFDD0461E40590700CDB0C1 /* HBNewsWidgetCell.swift */; };
		6BFDD04D1E40590700CDB0C1 /* HBNewsWidgetCell.xib in Resources */ = {isa = PBXBuildFile; fileRef = 6BFDD0471E40590700CDB0C1 /* HBNewsWidgetCell.xib */; };
		6BFDD04E1E40590700CDB0C1 /* Post.swift in Sources */ = {isa = PBXBuildFile; fileRef = 6BFDD0481E40590700CDB0C1 /* Post.swift */; };
		6BFDD0501E406C2300CDB0C1 /* timeago.swift in Sources */ = {isa = PBXBuildFile; fileRef = 6BFDD04F1E406C2300CDB0C1 /* timeago.swift */; };
		CB86073F50AFD949E93DB7ED /* Pods_HBWidget.framework in Frameworks */ = {isa = PBXBuildFile; fileRef = 4907AF71E5C7B300E0DC2FB3 /* Pods_HBWidget.framework */; };
		E417AD0A11B3FD31EA724DB6 /* Pods_Common_HBWidget.framework in Frameworks */ = {isa = PBXBuildFile; fileRef = DAB6049726A7ECF7FF5E547C /* Pods_Common_HBWidget.framework */; };
		FFC512B43100127BF04022D9 /* Pods_Common_EHWidget.framework in Frameworks */ = {isa = PBXBuildFile; fileRef = 9CDFC5FBBA0DCBC07FCE4483 /* Pods_Common_EHWidget.framework */; };
/* End PBXBuildFile section */

/* Begin PBXContainerItemProxy section */
		6B8546D71DFA927E0017A948 /* PBXContainerItemProxy */ = {
			isa = PBXContainerItemProxy;
			containerPortal = 6B8546AB1DFA8FEE0017A948 /* Project object */;
			proxyType = 1;
			remoteGlobalIDString = 6B8546CB1DFA927D0017A948;
			remoteInfo = HBWidget;
		};
/* End PBXContainerItemProxy section */

/* Begin PBXCopyFilesBuildPhase section */
		6B8546DD1DFA927E0017A948 /* Embed App Extensions */ = {
			isa = PBXCopyFilesBuildPhase;
			buildActionMask = 2147483647;
			dstPath = "";
			dstSubfolderSpec = 13;
			files = (
				6B8546D91DFA927E0017A948 /* HBWidget.appex in Embed App Extensions */,
			);
			name = "Embed App Extensions";
			runOnlyForDeploymentPostprocessing = 0;
		};
/* End PBXCopyFilesBuildPhase section */

/* Begin PBXFileReference section */
		2BADEC4EECCAD249AF0D02F9 /* Pods-HBWidget.release.xcconfig */ = {isa = PBXFileReference; includeInIndex = 1; lastKnownFileType = text.xcconfig; name = "Pods-HBWidget.release.xcconfig"; path = "Pods/Target Support Files/Pods-HBWidget/Pods-HBWidget.release.xcconfig"; sourceTree = "<group>"; };
		4099516B83167904EA97E2A8 /* Pods-Common-EHWidget.debug.xcconfig */ = {isa = PBXFileReference; includeInIndex = 1; lastKnownFileType = text.xcconfig; name = "Pods-Common-EHWidget.debug.xcconfig"; path = "Pods/Target Support Files/Pods-Common-EHWidget/Pods-Common-EHWidget.debug.xcconfig"; sourceTree = "<group>"; };
		4907AF71E5C7B300E0DC2FB3 /* Pods_HBWidget.framework */ = {isa = PBXFileReference; explicitFileType = wrapper.framework; includeInIndex = 0; path = Pods_HBWidget.framework; sourceTree = BUILT_PRODUCTS_DIR; };
		6B80BA3C1E3B25EA005C5E4A /* HBApi.swift */ = {isa = PBXFileReference; fileEncoding = 4; lastKnownFileType = sourcecode.swift; path = HBApi.swift; sourceTree = "<group>"; };
		6B80BA3E1E3B284F005C5E4A /* Post.swift */ = {isa = PBXFileReference; fileEncoding = 4; lastKnownFileType = sourcecode.swift; path = Post.swift; sourceTree = "<group>"; };
		6B80BA421E3B314D005C5E4A /* AF+Date+Extension.swift */ = {isa = PBXFileReference; fileEncoding = 4; lastKnownFileType = sourcecode.swift; path = "AF+Date+Extension.swift"; sourceTree = "<group>"; };
		6B8546B31DFA8FEE0017A948 /* EHWidget.app */ = {isa = PBXFileReference; explicitFileType = wrapper.application; includeInIndex = 0; path = EHWidget.app; sourceTree = BUILT_PRODUCTS_DIR; };
		6B8546B61DFA8FEE0017A948 /* AppDelegate.swift */ = {isa = PBXFileReference; lastKnownFileType = sourcecode.swift; path = AppDelegate.swift; sourceTree = "<group>"; };
		6B8546B81DFA8FEE0017A948 /* ViewController.swift */ = {isa = PBXFileReference; lastKnownFileType = sourcecode.swift; path = ViewController.swift; sourceTree = "<group>"; };
		6B8546BB1DFA8FEE0017A948 /* Base */ = {isa = PBXFileReference; lastKnownFileType = file.storyboard; name = Base; path = Base.lproj/Main.storyboard; sourceTree = "<group>"; };
		6B8546BD1DFA8FEE0017A948 /* Assets.xcassets */ = {isa = PBXFileReference; lastKnownFileType = folder.assetcatalog; path = Assets.xcassets; sourceTree = "<group>"; };
		6B8546C01DFA8FEE0017A948 /* Base */ = {isa = PBXFileReference; lastKnownFileType = file.storyboard; name = Base; path = Base.lproj/LaunchScreen.storyboard; sourceTree = "<group>"; };
		6B8546C21DFA8FEE0017A948 /* Info.plist */ = {isa = PBXFileReference; lastKnownFileType = text.plist.xml; path = Info.plist; sourceTree = "<group>"; };
		6B8546CC1DFA927D0017A948 /* HBWidget.appex */ = {isa = PBXFileReference; explicitFileType = "wrapper.app-extension"; includeInIndex = 0; path = HBWidget.appex; sourceTree = BUILT_PRODUCTS_DIR; };
		6B8546CE1DFA927E0017A948 /* NotificationCenter.framework */ = {isa = PBXFileReference; lastKnownFileType = wrapper.framework; name = NotificationCenter.framework; path = System/Library/Frameworks/NotificationCenter.framework; sourceTree = SDKROOT; };
		6B8546D11DFA927E0017A948 /* TodayViewController.swift */ = {isa = PBXFileReference; lastKnownFileType = sourcecode.swift; path = TodayViewController.swift; sourceTree = "<group>"; };
		6B8546D41DFA927E0017A948 /* Base */ = {isa = PBXFileReference; lastKnownFileType = file.storyboard; name = Base; path = Base.lproj/MainInterface.storyboard; sourceTree = "<group>"; };
		6B8546D61DFA927E0017A948 /* Info.plist */ = {isa = PBXFileReference; lastKnownFileType = text.plist.xml; path = Info.plist; sourceTree = "<group>"; };
		6B8546E01DFA95680017A948 /* HBChannel.swift */ = {isa = PBXFileReference; fileEncoding = 4; lastKnownFileType = sourcecode.swift; path = HBChannel.swift; sourceTree = "<group>"; };
		6BDB80D71E3AE22300CE59AF /* HBNewsWidgetCell.swift */ = {isa = PBXFileReference; fileEncoding = 4; lastKnownFileType = sourcecode.swift; path = HBNewsWidgetCell.swift; sourceTree = "<group>"; };
		6BDB80D81E3AE22300CE59AF /* HBNewsWidgetCell.xib */ = {isa = PBXFileReference; fileEncoding = 4; lastKnownFileType = file.xib; path = HBNewsWidgetCell.xib; sourceTree = "<group>"; };
		6BDB80DB1E3AF11B00CE59AF /* Media.xcassets */ = {isa = PBXFileReference; lastKnownFileType = folder.assetcatalog; path = Media.xcassets; sourceTree = "<group>"; };
		6BDB80DD1E3B216800CE59AF /* Podfile */ = {isa = PBXFileReference; fileEncoding = 4; lastKnownFileType = text; path = Podfile; sourceTree = "<group>"; xcLanguageSpecificationIdentifier = xcode.lang.ruby; };
		6BFDD0431E40590700CDB0C1 /* AF+Date+Extension.swift */ = {isa = PBXFileReference; fileEncoding = 4; lastKnownFileType = sourcecode.swift; name = "AF+Date+Extension.swift"; path = "files/AF+Date+Extension.swift"; sourceTree = "<group>"; };
		6BFDD0441E40590700CDB0C1 /* HBApi.swift */ = {isa = PBXFileReference; fileEncoding = 4; lastKnownFileType = sourcecode.swift; name = HBApi.swift; path = files/HBApi.swift; sourceTree = "<group>"; };
		6BFDD0451E40590700CDB0C1 /* HBChannel.swift */ = {isa = PBXFileReference; fileEncoding = 4; lastKnownFileType = sourcecode.swift; name = HBChannel.swift; path = files/HBChannel.swift; sourceTree = "<group>"; };
		6BFDD0461E40590700CDB0C1 /* HBNewsWidgetCell.swift */ = {isa = PBXFileReference; fileEncoding = 4; lastKnownFileType = sourcecode.swift; name = HBNewsWidgetCell.swift; path = files/HBNewsWidgetCell.swift; sourceTree = "<group>"; };
		6BFDD0471E40590700CDB0C1 /* HBNewsWidgetCell.xib */ = {isa = PBXFileReference; fileEncoding = 4; lastKnownFileType = file.xib; name = HBNewsWidgetCell.xib; path = files/HBNewsWidgetCell.xib; sourceTree = "<group>"; };
		6BFDD0481E40590700CDB0C1 /* Post.swift */ = {isa = PBXFileReference; fileEncoding = 4; lastKnownFileType = sourcecode.swift; name = Post.swift; path = files/Post.swift; sourceTree = "<group>"; };
		6BFDD04F1E406C2300CDB0C1 /* timeago.swift */ = {isa = PBXFileReference; fileEncoding = 4; lastKnownFileType = sourcecode.swift; path = timeago.swift; sourceTree = "<group>"; };
		9CDFC5FBBA0DCBC07FCE4483 /* Pods_Common_EHWidget.framework */ = {isa = PBXFileReference; explicitFileType = wrapper.framework; includeInIndex = 0; path = Pods_Common_EHWidget.framework; sourceTree = BUILT_PRODUCTS_DIR; };
		BAD8079F493F7380DD115AF4 /* Pods-Common-EHWidget.release.xcconfig */ = {isa = PBXFileReference; includeInIndex = 1; lastKnownFileType = text.xcconfig; name = "Pods-Common-EHWidget.release.xcconfig"; path = "Pods/Target Support Files/Pods-Common-EHWidget/Pods-Common-EHWidget.release.xcconfig"; sourceTree = "<group>"; };
		DAB6049726A7ECF7FF5E547C /* Pods_Common_HBWidget.framework */ = {isa = PBXFileReference; explicitFileType = wrapper.framework; includeInIndex = 0; path = Pods_Common_HBWidget.framework; sourceTree = BUILT_PRODUCTS_DIR; };
		E69F99CB79DD94EA346A7A4A /* Pods-HBWidget.debug.xcconfig */ = {isa = PBXFileReference; includeInIndex = 1; lastKnownFileType = text.xcconfig; name = "Pods-HBWidget.debug.xcconfig"; path = "Pods/Target Support Files/Pods-HBWidget/Pods-HBWidget.debug.xcconfig"; sourceTree = "<group>"; };
		F15F883ACF924CE741DC57CD /* Pods-Common-HBWidget.release.xcconfig */ = {isa = PBXFileReference; includeInIndex = 1; lastKnownFileType = text.xcconfig; name = "Pods-Common-HBWidget.release.xcconfig"; path = "Pods/Target Support Files/Pods-Common-HBWidget/Pods-Common-HBWidget.release.xcconfig"; sourceTree = "<group>"; };
		FB04743747D3B187ACE9F1BA /* Pods-Common-HBWidget.debug.xcconfig */ = {isa = PBXFileReference; includeInIndex = 1; lastKnownFileType = text.xcconfig; name = "Pods-Common-HBWidget.debug.xcconfig"; path = "Pods/Target Support Files/Pods-Common-HBWidget/Pods-Common-HBWidget.debug.xcconfig"; sourceTree = "<group>"; };
/* End PBXFileReference section */

/* Begin PBXFrameworksBuildPhase section */
		6B8546B01DFA8FEE0017A948 /* Frameworks */ = {
			isa = PBXFrameworksBuildPhase;
			buildActionMask = 2147483647;
			files = (
				FFC512B43100127BF04022D9 /* Pods_Common_EHWidget.framework in Frameworks */,
			);
			runOnlyForDeploymentPostprocessing = 0;
		};
		6B8546C91DFA927D0017A948 /* Frameworks */ = {
			isa = PBXFrameworksBuildPhase;
			buildActionMask = 2147483647;
			files = (
				6B8546CF1DFA927E0017A948 /* NotificationCenter.framework in Frameworks */,
				CB86073F50AFD949E93DB7ED /* Pods_HBWidget.framework in Frameworks */,
				E417AD0A11B3FD31EA724DB6 /* Pods_Common_HBWidget.framework in Frameworks */,
			);
			runOnlyForDeploymentPostprocessing = 0;
		};
/* End PBXFrameworksBuildPhase section */

/* Begin PBXGroup section */
		6B8546AA1DFA8FEE0017A948 = {
			isa = PBXGroup;
			children = (
				6B8546B51DFA8FEE0017A948 /* EHWidget */,
				6B8546D01DFA927E0017A948 /* HBWidget */,
				6B8546CD1DFA927E0017A948 /* Frameworks */,
				6B8546B41DFA8FEE0017A948 /* Products */,
				6BDB80DD1E3B216800CE59AF /* Podfile */,
				C23D8FE377D0895A74CC63F3 /* Pods */,
			);
			sourceTree = "<group>";
		};
		6B8546B41DFA8FEE0017A948 /* Products */ = {
			isa = PBXGroup;
			children = (
				6B8546B31DFA8FEE0017A948 /* EHWidget.app */,
				6B8546CC1DFA927D0017A948 /* HBWidget.appex */,
			);
			name = Products;
			sourceTree = "<group>";
		};
		6B8546B51DFA8FEE0017A948 /* EHWidget */ = {
			isa = PBXGroup;
			children = (
				6BFC52731E40567400B3885A /* New Group */,
				6B8546B61DFA8FEE0017A948 /* AppDelegate.swift */,
				6B8546B81DFA8FEE0017A948 /* ViewController.swift */,
				6B8546BA1DFA8FEE0017A948 /* Main.storyboard */,
				6B8546BD1DFA8FEE0017A948 /* Assets.xcassets */,
				6B8546BF1DFA8FEE0017A948 /* LaunchScreen.storyboard */,
				6B8546C21DFA8FEE0017A948 /* Info.plist */,
			);
			path = EHWidget;
			sourceTree = "<group>";
		};
		6B8546CD1DFA927E0017A948 /* Frameworks */ = {
			isa = PBXGroup;
			children = (
				6B8546CE1DFA927E0017A948 /* NotificationCenter.framework */,
				4907AF71E5C7B300E0DC2FB3 /* Pods_HBWidget.framework */,
				9CDFC5FBBA0DCBC07FCE4483 /* Pods_Common_EHWidget.framework */,
				DAB6049726A7ECF7FF5E547C /* Pods_Common_HBWidget.framework */,
			);
			name = Frameworks;
			sourceTree = "<group>";
		};
		6B8546D01DFA927E0017A948 /* HBWidget */ = {
			isa = PBXGroup;
			children = (
				6B8546D11DFA927E0017A948 /* TodayViewController.swift */,
				6B8546D31DFA927E0017A948 /* MainInterface.storyboard */,
				6B8546E01DFA95680017A948 /* HBChannel.swift */,
				6BDB80D71E3AE22300CE59AF /* HBNewsWidgetCell.swift */,
				6BDB80D81E3AE22300CE59AF /* HBNewsWidgetCell.xib */,
				6B80BA3E1E3B284F005C5E4A /* Post.swift */,
				6B80BA3C1E3B25EA005C5E4A /* HBApi.swift */,
				6B80BA421E3B314D005C5E4A /* AF+Date+Extension.swift */,
				6BFDD04F1E406C2300CDB0C1 /* timeago.swift */,
				6B8546D61DFA927E0017A948 /* Info.plist */,
				6BDB80DB1E3AF11B00CE59AF /* Media.xcassets */,
			);
			path = HBWidget;
			sourceTree = "<group>";
		};
		6BFC52731E40567400B3885A /* New Group */ = {
			isa = PBXGroup;
			children = (
				6BFDD0431E40590700CDB0C1 /* AF+Date+Extension.swift */,
				6BFDD0441E40590700CDB0C1 /* HBApi.swift */,
				6BFDD0451E40590700CDB0C1 /* HBChannel.swift */,
				6BFDD0461E40590700CDB0C1 /* HBNewsWidgetCell.swift */,
				6BFDD0471E40590700CDB0C1 /* HBNewsWidgetCell.xib */,
				6BFDD0481E40590700CDB0C1 /* Post.swift */,
			);
			name = "New Group";
			sourceTree = "<group>";
		};
		C23D8FE377D0895A74CC63F3 /* Pods */ = {
			isa = PBXGroup;
			children = (
				E69F99CB79DD94EA346A7A4A /* Pods-HBWidget.debug.xcconfig */,
				2BADEC4EECCAD249AF0D02F9 /* Pods-HBWidget.release.xcconfig */,
				4099516B83167904EA97E2A8 /* Pods-Common-EHWidget.debug.xcconfig */,
				BAD8079F493F7380DD115AF4 /* Pods-Common-EHWidget.release.xcconfig */,
				FB04743747D3B187ACE9F1BA /* Pods-Common-HBWidget.debug.xcconfig */,
				F15F883ACF924CE741DC57CD /* Pods-Common-HBWidget.release.xcconfig */,
			);
			name = Pods;
			sourceTree = "<group>";
		};
/* End PBXGroup section */

/* Begin PBXNativeTarget section */
		6B8546B21DFA8FEE0017A948 /* EHWidget */ = {
			isa = PBXNativeTarget;
			buildConfigurationList = 6B8546C51DFA8FEE0017A948 /* Build configuration list for PBXNativeTarget "EHWidget" */;
			buildPhases = (
				9C8B98EE60F4CBF4435A4B0B /* [CP] Check Pods Manifest.lock */,
				6B8546AF1DFA8FEE0017A948 /* Sources */,
				6B8546B01DFA8FEE0017A948 /* Frameworks */,
				6B8546B11DFA8FEE0017A948 /* Resources */,
				6B8546DD1DFA927E0017A948 /* Embed App Extensions */,
				FAE79716F2CF217BADFEE9BE /* [CP] Embed Pods Frameworks */,
				B7AD3358042D6E7CC43E3A43 /* [CP] Copy Pods Resources */,
			);
			buildRules = (
			);
			dependencies = (
				6B8546D81DFA927E0017A948 /* PBXTargetDependency */,
			);
			name = EHWidget;
			productName = EHWidget;
			productReference = 6B8546B31DFA8FEE0017A948 /* EHWidget.app */;
			productType = "com.apple.product-type.application";
		};
		6B8546CB1DFA927D0017A948 /* HBWidget */ = {
			isa = PBXNativeTarget;
			buildConfigurationList = 6B8546DA1DFA927E0017A948 /* Build configuration list for PBXNativeTarget "HBWidget" */;
			buildPhases = (
				FFF543D4F59866BB30834103 /* [CP] Check Pods Manifest.lock */,
				6B8546C81DFA927D0017A948 /* Sources */,
				6B8546C91DFA927D0017A948 /* Frameworks */,
				6B8546CA1DFA927D0017A948 /* Resources */,
				05A1892922697CFA36B43774 /* [CP] Embed Pods Frameworks */,
				BBC97B1A102E465E14780248 /* [CP] Copy Pods Resources */,
			);
			buildRules = (
			);
			dependencies = (
			);
			name = HBWidget;
			productName = HBWidget;
			productReference = 6B8546CC1DFA927D0017A948 /* HBWidget.appex */;
			productType = "com.apple.product-type.app-extension";
		};
/* End PBXNativeTarget section */

/* Begin PBXProject section */
		6B8546AB1DFA8FEE0017A948 /* Project object */ = {
			isa = PBXProject;
			attributes = {
				LastSwiftUpdateCheck = 0810;
				LastUpgradeCheck = 0820;
				ORGANIZATIONNAME = "E H";
				TargetAttributes = {
					6B8546B21DFA8FEE0017A948 = {
						CreatedOnToolsVersion = 8.1;
						DevelopmentTeam = 4W3JG447ZD;
						ProvisioningStyle = Automatic;
					};
					6B8546CB1DFA927D0017A948 = {
						CreatedOnToolsVersion = 8.1;
						DevelopmentTeam = 4W3JG447ZD;
						ProvisioningStyle = Automatic;
					};
				};
			};
			buildConfigurationList = 6B8546AE1DFA8FEE0017A948 /* Build configuration list for PBXProject "EHWidget" */;
			compatibilityVersion = "Xcode 3.2";
			developmentRegion = English;
			hasScannedForEncodings = 0;
			knownRegions = (
				en,
				Base,
			);
			mainGroup = 6B8546AA1DFA8FEE0017A948;
			productRefGroup = 6B8546B41DFA8FEE0017A948 /* Products */;
			projectDirPath = "";
			projectRoot = "";
			targets = (
				6B8546B21DFA8FEE0017A948 /* EHWidget */,
				6B8546CB1DFA927D0017A948 /* HBWidget */,
			);
		};
/* End PBXProject section */

/* Begin PBXResourcesBuildPhase section */
		6B8546B11DFA8FEE0017A948 /* Resources */ = {
			isa = PBXResourcesBuildPhase;
			buildActionMask = 2147483647;
			files = (
				6BFDD04D1E40590700CDB0C1 /* HBNewsWidgetCell.xib in Resources */,
				6B8546C11DFA8FEE0017A948 /* LaunchScreen.storyboard in Resources */,
				6B8546BE1DFA8FEE0017A948 /* Assets.xcassets in Resources */,
				6B8546BC1DFA8FEE0017A948 /* Main.storyboard in Resources */,
			);
			runOnlyForDeploymentPostprocessing = 0;
		};
		6B8546CA1DFA927D0017A948 /* Resources */ = {
			isa = PBXResourcesBuildPhase;
			buildActionMask = 2147483647;
			files = (
				6BDB80DA1E3AE22400CE59AF /* HBNewsWidgetCell.xib in Resources */,
				6BFC52751E4057AE00B3885A /* MainInterface.storyboard in Resources */,
				6BDB80DC1E3AF11B00CE59AF /* Media.xcassets in Resources */,
				6BDB80DE1E3B216800CE59AF /* Podfile in Resources */,
			);
			runOnlyForDeploymentPostprocessing = 0;
		};
/* End PBXResourcesBuildPhase section */

/* Begin PBXShellScriptBuildPhase section */
		05A1892922697CFA36B43774 /* [CP] Embed Pods Frameworks */ = {
			isa = PBXShellScriptBuildPhase;
			buildActionMask = 2147483647;
			files = (
			);
			inputPaths = (
			);
			name = "[CP] Embed Pods Frameworks";
			outputPaths = (
			);
			runOnlyForDeploymentPostprocessing = 0;
			shellPath = /bin/sh;
			shellScript = "\"${SRCROOT}/Pods/Target Support Files/Pods-Common-HBWidget/Pods-Common-HBWidget-frameworks.sh\"\n";
			showEnvVarsInLog = 0;
		};
		9C8B98EE60F4CBF4435A4B0B /* [CP] Check Pods Manifest.lock */ = {
			isa = PBXShellScriptBuildPhase;
			buildActionMask = 2147483647;
			files = (
			);
			inputPaths = (
			);
			name = "[CP] Check Pods Manifest.lock";
			outputPaths = (
			);
			runOnlyForDeploymentPostprocessing = 0;
			shellPath = /bin/sh;
			shellScript = "diff \"${PODS_ROOT}/../Podfile.lock\" \"${PODS_ROOT}/Manifest.lock\" > /dev/null\nif [[ $? != 0 ]] ; then\n    cat << EOM\nerror: The sandbox is not in sync with the Podfile.lock. Run 'pod install' or update your CocoaPods installation.\nEOM\n    exit 1\nfi\n";
			showEnvVarsInLog = 0;
		};
		B7AD3358042D6E7CC43E3A43 /* [CP] Copy Pods Resources */ = {
			isa = PBXShellScriptBuildPhase;
			buildActionMask = 2147483647;
			files = (
			);
			inputPaths = (
			);
			name = "[CP] Copy Pods Resources";
			outputPaths = (
			);
			runOnlyForDeploymentPostprocessing = 0;
			shellPath = /bin/sh;
			shellScript = "\"${SRCROOT}/Pods/Target Support Files/Pods-Common-EHWidget/Pods-Common-EHWidget-resources.sh\"\n";
			showEnvVarsInLog = 0;
		};
		BBC97B1A102E465E14780248 /* [CP] Copy Pods Resources */ = {
			isa = PBXShellScriptBuildPhase;
			buildActionMask = 2147483647;
			files = (
			);
			inputPaths = (
			);
			name = "[CP] Copy Pods Resources";
			outputPaths = (
			);
			runOnlyForDeploymentPostprocessing = 0;
			shellPath = /bin/sh;
			shellScript = "\"${SRCROOT}/Pods/Target Support Files/Pods-Common-HBWidget/Pods-Common-HBWidget-resources.sh\"\n";
			showEnvVarsInLog = 0;
		};
		FAE79716F2CF217BADFEE9BE /* [CP] Embed Pods Frameworks */ = {
			isa = PBXShellScriptBuildPhase;
			buildActionMask = 2147483647;
			files = (
			);
			inputPaths = (
			);
			name = "[CP] Embed Pods Frameworks";
			outputPaths = (
			);
			runOnlyForDeploymentPostprocessing = 0;
			shellPath = /bin/sh;
			shellScript = "\"${SRCROOT}/Pods/Target Support Files/Pods-Common-EHWidget/Pods-Common-EHWidget-frameworks.sh\"\n";
			showEnvVarsInLog = 0;
		};
		FFF543D4F59866BB30834103 /* [CP] Check Pods Manifest.lock */ = {
			isa = PBXShellScriptBuildPhase;
			buildActionMask = 2147483647;
			files = (
			);
			inputPaths = (
			);
			name = "[CP] Check Pods Manifest.lock";
			outputPaths = (
			);
			runOnlyForDeploymentPostprocessing = 0;
			shellPath = /bin/sh;
			shellScript = "diff \"${PODS_ROOT}/../Podfile.lock\" \"${PODS_ROOT}/Manifest.lock\" > /dev/null\nif [[ $? != 0 ]] ; then\n    cat << EOM\nerror: The sandbox is not in sync with the Podfile.lock. Run 'pod install' or update your CocoaPods installation.\nEOM\n    exit 1\nfi\n";
			showEnvVarsInLog = 0;
		};
/* End PBXShellScriptBuildPhase section */

/* Begin PBXSourcesBuildPhase section */
		6B8546AF1DFA8FEE0017A948 /* Sources */ = {
			isa = PBXSourcesBuildPhase;
			buildActionMask = 2147483647;
			files = (
				6B8546B91DFA8FEE0017A948 /* ViewController.swift in Sources */,
				6BFDD0491E40590700CDB0C1 /* AF+Date+Extension.swift in Sources */,
				6BFDD04C1E40590700CDB0C1 /* HBNewsWidgetCell.swift in Sources */,
				6BFDD04B1E40590700CDB0C1 /* HBChannel.swift in Sources */,
				6BFDD04A1E40590700CDB0C1 /* HBApi.swift in Sources */,
				6BFDD04E1E40590700CDB0C1 /* Post.swift in Sources */,
				6B8546B71DFA8FEE0017A948 /* AppDelegate.swift in Sources */,
			);
			runOnlyForDeploymentPostprocessing = 0;
		};
		6B8546C81DFA927D0017A948 /* Sources */ = {
			isa = PBXSourcesBuildPhase;
			buildActionMask = 2147483647;
			files = (
				6B8546D21DFA927E0017A948 /* TodayViewController.swift in Sources */,
				6B80BA431E3B314D005C5E4A /* AF+Date+Extension.swift in Sources */,
				6B8546E11DFA95680017A948 /* HBChannel.swift in Sources */,
				6B80BA3D1E3B25EA005C5E4A /* HBApi.swift in Sources */,
				6BFDD0501E406C2300CDB0C1 /* timeago.swift in Sources */,
				6BDB80D91E3AE22400CE59AF /* HBNewsWidgetCell.swift in Sources */,
				6B80BA3F1E3B284F005C5E4A /* Post.swift in Sources */,
			);
			runOnlyForDeploymentPostprocessing = 0;
		};
/* End PBXSourcesBuildPhase section */

/* Begin PBXTargetDependency section */
		6B8546D81DFA927E0017A948 /* PBXTargetDependency */ = {
			isa = PBXTargetDependency;
			target = 6B8546CB1DFA927D0017A948 /* HBWidget */;
			targetProxy = 6B8546D71DFA927E0017A948 /* PBXContainerItemProxy */;
		};
/* End PBXTargetDependency section */

/* Begin PBXVariantGroup section */
		6B8546BA1DFA8FEE0017A948 /* Main.storyboard */ = {
			isa = PBXVariantGroup;
			children = (
				6B8546BB1DFA8FEE0017A948 /* Base */,
			);
			name = Main.storyboard;
			sourceTree = "<group>";
		};
		6B8546BF1DFA8FEE0017A948 /* LaunchScreen.storyboard */ = {
			isa = PBXVariantGroup;
			children = (
				6B8546C01DFA8FEE0017A948 /* Base */,
			);
			name = LaunchScreen.storyboard;
			sourceTree = "<group>";
		};
		6B8546D31DFA927E0017A948 /* MainInterface.storyboard */ = {
			isa = PBXVariantGroup;
			children = (
				6B8546D41DFA927E0017A948 /* Base */,
			);
			name = MainInterface.storyboard;
			sourceTree = "<group>";
		};
/* End PBXVariantGroup section */

/* Begin XCBuildConfiguration section */
		6B8546C31DFA8FEE0017A948 /* Debug */ = {
			isa = XCBuildConfiguration;
			buildSettings = {
				ALWAYS_SEARCH_USER_PATHS = NO;
				CLANG_ANALYZER_NONNULL = YES;
				CLANG_CXX_LANGUAGE_STANDARD = "gnu++0x";
				CLANG_CXX_LIBRARY = "libc++";
				CLANG_ENABLE_MODULES = YES;
				CLANG_ENABLE_OBJC_ARC = YES;
				CLANG_WARN_BOOL_CONVERSION = YES;
				CLANG_WARN_CONSTANT_CONVERSION = YES;
				CLANG_WARN_DIRECT_OBJC_ISA_USAGE = YES_ERROR;
				CLANG_WARN_DOCUMENTATION_COMMENTS = YES;
				CLANG_WARN_EMPTY_BODY = YES;
				CLANG_WARN_ENUM_CONVERSION = YES;
				CLANG_WARN_INFINITE_RECURSION = YES;
				CLANG_WARN_INT_CONVERSION = YES;
				CLANG_WARN_OBJC_ROOT_CLASS = YES_ERROR;
				CLANG_WARN_SUSPICIOUS_MOVE = YES;
				CLANG_WARN_SUSPICIOUS_MOVES = YES;
				CLANG_WARN_UNREACHABLE_CODE = YES;
				CLANG_WARN__DUPLICATE_METHOD_MATCH = YES;
				"CODE_SIGN_IDENTITY[sdk=iphoneos*]" = "iPhone Developer";
				COPY_PHASE_STRIP = NO;
				DEBUG_INFORMATION_FORMAT = dwarf;
				ENABLE_STRICT_OBJC_MSGSEND = YES;
				ENABLE_TESTABILITY = YES;
				GCC_C_LANGUAGE_STANDARD = gnu99;
				GCC_DYNAMIC_NO_PIC = NO;
				GCC_NO_COMMON_BLOCKS = YES;
				GCC_OPTIMIZATION_LEVEL = 0;
				GCC_PREPROCESSOR_DEFINITIONS = (
					"DEBUG=1",
					"$(inherited)",
				);
				GCC_WARN_64_TO_32_BIT_CONVERSION = YES;
				GCC_WARN_ABOUT_RETURN_TYPE = YES_ERROR;
				GCC_WARN_UNDECLARED_SELECTOR = YES;
				GCC_WARN_UNINITIALIZED_AUTOS = YES_AGGRESSIVE;
				GCC_WARN_UNUSED_FUNCTION = YES;
				GCC_WARN_UNUSED_VARIABLE = YES;
				IPHONEOS_DEPLOYMENT_TARGET = 9.0;
				MTL_ENABLE_DEBUG_INFO = YES;
				ONLY_ACTIVE_ARCH = YES;
				SDKROOT = iphoneos;
				SWIFT_ACTIVE_COMPILATION_CONDITIONS = DEBUG;
				SWIFT_OPTIMIZATION_LEVEL = "-Onone";
				TARGETED_DEVICE_FAMILY = "1,2";
			};
			name = Debug;
		};
		6B8546C41DFA8FEE0017A948 /* Release */ = {
			isa = XCBuildConfiguration;
			buildSettings = {
				ALWAYS_SEARCH_USER_PATHS = NO;
				CLANG_ANALYZER_NONNULL = YES;
				CLANG_CXX_LANGUAGE_STANDARD = "gnu++0x";
				CLANG_CXX_LIBRARY = "libc++";
				CLANG_ENABLE_MODULES = YES;
				CLANG_ENABLE_OBJC_ARC = YES;
				CLANG_WARN_BOOL_CONVERSION = YES;
				CLANG_WARN_CONSTANT_CONVERSION = YES;
				CLANG_WARN_DIRECT_OBJC_ISA_USAGE = YES_ERROR;
				CLANG_WARN_DOCUMENTATION_COMMENTS = YES;
				CLANG_WARN_EMPTY_BODY = YES;
				CLANG_WARN_ENUM_CONVERSION = YES;
				CLANG_WARN_INFINITE_RECURSION = YES;
				CLANG_WARN_INT_CONVERSION = YES;
				CLANG_WARN_OBJC_ROOT_CLASS = YES_ERROR;
				CLANG_WARN_SUSPICIOUS_MOVE = YES;
				CLANG_WARN_SUSPICIOUS_MOVES = YES;
				CLANG_WARN_UNREACHABLE_CODE = YES;
				CLANG_WARN__DUPLICATE_METHOD_MATCH = YES;
				"CODE_SIGN_IDENTITY[sdk=iphoneos*]" = "iPhone Developer";
				COPY_PHASE_STRIP = NO;
				DEBUG_INFORMATION_FORMAT = "dwarf-with-dsym";
				ENABLE_NS_ASSERTIONS = NO;
				ENABLE_STRICT_OBJC_MSGSEND = YES;
				GCC_C_LANGUAGE_STANDARD = gnu99;
				GCC_NO_COMMON_BLOCKS = YES;
				GCC_WARN_64_TO_32_BIT_CONVERSION = YES;
				GCC_WARN_ABOUT_RETURN_TYPE = YES_ERROR;
				GCC_WARN_UNDECLARED_SELECTOR = YES;
				GCC_WARN_UNINITIALIZED_AUTOS = YES_AGGRESSIVE;
				GCC_WARN_UNUSED_FUNCTION = YES;
				GCC_WARN_UNUSED_VARIABLE = YES;
				IPHONEOS_DEPLOYMENT_TARGET = 9.0;
				MTL_ENABLE_DEBUG_INFO = NO;
				SDKROOT = iphoneos;
				SWIFT_OPTIMIZATION_LEVEL = "-Owholemodule";
				TARGETED_DEVICE_FAMILY = "1,2";
				VALIDATE_PRODUCT = YES;
			};
			name = Release;
		};
		6B8546C61DFA8FEE0017A948 /* Debug */ = {
			isa = XCBuildConfiguration;
			baseConfigurationReference = 4099516B83167904EA97E2A8 /* Pods-Common-EHWidget.debug.xcconfig */;
			buildSettings = {
				ALWAYS_EMBED_SWIFT_STANDARD_LIBRARIES = YES;
				ASSETCATALOG_COMPILER_APPICON_NAME = AppIcon;
				DEVELOPMENT_TEAM = 4W3JG447ZD;
				INFOPLIST_FILE = EHWidget/Info.plist;
				IPHONEOS_DEPLOYMENT_TARGET = 8.0;
				LD_RUNPATH_SEARCH_PATHS = "$(inherited) @executable_path/Frameworks";
				PRODUCT_BUNDLE_IDENTIFIER = com.elabvision.EHWidget;
				PRODUCT_NAME = "$(TARGET_NAME)";
				SWIFT_VERSION = 3.0;
			};
			name = Debug;
		};
		6B8546C71DFA8FEE0017A948 /* Release */ = {
			isa = XCBuildConfiguration;
			baseConfigurationReference = BAD8079F493F7380DD115AF4 /* Pods-Common-EHWidget.release.xcconfig */;
			buildSettings = {
				ALWAYS_EMBED_SWIFT_STANDARD_LIBRARIES = YES;
				ASSETCATALOG_COMPILER_APPICON_NAME = AppIcon;
				DEVELOPMENT_TEAM = 4W3JG447ZD;
				INFOPLIST_FILE = EHWidget/Info.plist;
				IPHONEOS_DEPLOYMENT_TARGET = 8.0;
				LD_RUNPATH_SEARCH_PATHS = "$(inherited) @executable_path/Frameworks";
				PRODUCT_BUNDLE_IDENTIFIER = com.elabvision.EHWidget;
				PRODUCT_NAME = "$(TARGET_NAME)";
				SWIFT_VERSION = 3.0;
			};
			name = Release;
		};
		6B8546DB1DFA927E0017A948 /* Debug */ = {
			isa = XCBuildConfiguration;
			baseConfigurationReference = FB04743747D3B187ACE9F1BA /* Pods-Common-HBWidget.debug.xcconfig */;
			buildSettings = {
				ALWAYS_EMBED_SWIFT_STANDARD_LIBRARIES = YES;
				DEVELOPMENT_TEAM = 4W3JG447ZD;
				INFOPLIST_FILE = HBWidget/Info.plist;
				IPHONEOS_DEPLOYMENT_TARGET = 8.0;
				LD_RUNPATH_SEARCH_PATHS = "$(inherited) @executable_path/Frameworks @executable_path/../../Frameworks";
				PRODUCT_BUNDLE_IDENTIFIER = com.elabvision.EHWidget.HBWidget;
				PRODUCT_NAME = "$(TARGET_NAME)";
				SKIP_INSTALL = YES;
				SWIFT_VERSION = 3.0;
			};
			name = Debug;
		};
		6B8546DC1DFA927E0017A948 /* Release */ = {
			isa = XCBuildConfiguration;
			baseConfigurationReference = F15F883ACF924CE741DC57CD /* Pods-Common-HBWidget.release.xcconfig */;
			buildSettings = {
				ALWAYS_EMBED_SWIFT_STANDARD_LIBRARIES = YES;
				DEVELOPMENT_TEAM = 4W3JG447ZD;
				INFOPLIST_FILE = HBWidget/Info.plist;
				IPHONEOS_DEPLOYMENT_TARGET = 8.0;
				LD_RUNPATH_SEARCH_PATHS = "$(inherited) @executable_path/Frameworks @executable_path/../../Frameworks";
				PRODUCT_BUNDLE_IDENTIFIER = com.elabvision.EHWidget.HBWidget;
				PRODUCT_NAME = "$(TARGET_NAME)";
				SKIP_INSTALL = YES;
				SWIFT_VERSION = 3.0;
			};
			name = Release;
		};
/* End XCBuildConfiguration section */

/* Begin XCConfigurationList section */
		6B8546AE1DFA8FEE0017A948 /* Build configuration list for PBXProject "EHWidget" */ = {
			isa = XCConfigurationList;
			buildConfigurations = (
				6B8546C31DFA8FEE0017A948 /* Debug */,
				6B8546C41DFA8FEE0017A948 /* Release */,
			);
			defaultConfigurationIsVisible = 0;
			defaultConfigurationName = Release;
		};
		6B8546C51DFA8FEE0017A948 /* Build configuration list for PBXNativeTarget "EHWidget" */ = {
			isa = XCConfigurationList;
			buildConfigurations = (
				6B8546C61DFA8FEE0017A948 /* Debug */,
				6B8546C71DFA8FEE0017A948 /* Release */,
			);
			defaultConfigurationIsVisible = 0;
			defaultConfigurationName = Release;
		};
		6B8546DA1DFA927E0017A948 /* Build configuration list for PBXNativeTarget "HBWidget" */ = {
			isa = XCConfigurationList;
			buildConfigurations = (
				6B8546DB1DFA927E0017A948 /* Debug */,
				6B8546DC1DFA927E0017A948 /* Release */,
			);
			defaultConfigurationIsVisible = 0;
			defaultConfigurationName = Release;
		};
/* End XCConfigurationList section */
	};
	rootObject = 6B8546AB1DFA8FEE0017A948 /* Project object */;
}
